<?xml version="1.0" encoding="UTF-8" standalone="yes" ?>
<CodeBlocks_project_file>
	<FileVersion major="1" minor="6" />
	<Project>
		<Option title="skeleton-initializer_of_java-backend-component" />
		<Option pch_mode="2" />
		<Option compiler="gcc" />
		<Build>
			<Target title="Debug">
				<Option output="bin/Debug/skeleton-initializer_of_java-backend-component" prefix_auto="1" extension_auto="1" />
				<Option object_output="obj/Debug/" />
				<Option type="1" />
				<Option compiler="gcc" />
				<Compiler>
					<Add option="-g" />
				</Compiler>
			</Target>
			<Target title="Release">
				<Option output="bin/Release/skeleton-initializer_of_java-backend-component" prefix_auto="1" extension_auto="1" />
				<Option object_output="obj/Release/" />
				<Option type="1" />
				<Option compiler="gcc" />
				<Compiler>
					<Add option="-O2" />
				</Compiler>
				<Linker>
					<Add option="-s" />
				</Linker>
			</Target>
		</Build>
		<Compiler>
			<Add option="-Wall" />
			<Add option="-fexceptions" />
		</Compiler>
		<Unit filename="authentication-component.h" />
		<Unit filename="cmd-args-validation.h" />
		<Unit filename="launcher.h" />
		<Unit filename="main.cpp" />
		<Unit filename="project-skeleton.h" />
		<Unit filename="scheduled-jobs-component-with-messaging.h" />
		<Unit filename="scheduled-jobs-component.h" />
		<Unit filename="users-administration-component.h" />
		<Unit filename="utils.h" />
		<Unit filename="web-interface-component-files.h" />
		<Unit filename="web-interface-component-with-messaging.h" />
		<Unit filename="web-interface-component.h" />
		<Extensions>
			<lib_finder disable_auto="1" />
		</Extensions>
	</Project>
</CodeBlocks_project_file>
